
Microsoft Visual Studio Solution File, Format Version 12.00
# Visual Studio Version 17
VisualStudioVersion = 17.0.31919.166
MinimumVisualStudioVersion = 10.0.40219.1
Project("{FAE04EC0-301F-11D3-BF4B-00C04F79EFBC}") = "CreateMaxAmountOfTeams", "CreateMaxAmountOfTeams\CreateMaxAmountOfTeams.csproj", "{FE5889B7-EF9C-43EB-8661-36660A3FE3F4}"
EndProject
Project("{2150E333-8FDC-42A3-9474-1A3956D46DE8}") = "Solution Items", "Solution Items", "{C4A1286A-C50C-4D8A-8D09-51E946EBFE55}"
	ProjectSection(SolutionItems) = preProject
		02.JPG = 02.JPG
		03.JPG = 03.JPG
		04.JPG = 04.JPG
		05.JPG = 05.JPG
		06.JPG = 06.JPG
		ReadMe.txt = ReadMe.txt
	EndProjectSection
EndProject
Global
	GlobalSection(SolutionConfigurationPlatforms) = preSolution
		Debug|Any CPU = Debug|Any CPU
		Release|Any CPU = Release|Any CPU
	EndGlobalSection
	GlobalSection(ProjectConfigurationPlatforms) = postSolution
		{FE5889B7-EF9C-43EB-8661-36660A3FE3F4}.Debug|Any CPU.ActiveCfg = Debug|Any CPU
		{FE5889B7-EF9C-43EB-8661-36660A3FE3F4}.Debug|Any CPU.Build.0 = Debug|Any CPU
		{FE5889B7-EF9C-43EB-8661-36660A3FE3F4}.Release|Any CPU.ActiveCfg = Release|Any CPU
		{FE5889B7-EF9C-43EB-8661-36660A3FE3F4}.Release|Any CPU.Build.0 = Release|Any CPU
	EndGlobalSection
	GlobalSection(SolutionProperties) = preSolution
		HideSolutionNode = FALSE
	EndGlobalSection
	GlobalSection(ExtensibilityGlobals) = postSolution
		SolutionGuid = {0A6C5BCE-B8A8-4FA8-A838-EB8492E509A1}
	EndGlobalSection
EndGlobal
